// !$*UTF8*$!
{
	archiveVersion = 1;
	classes = {
	};
	objectVersion = 56;
	objects = {

/* Begin PBXBuildFile section */
		2EC661C22B13104A00E3EFE0 /* FeudKit.h in Headers */ = {isa = PBXBuildFile; fileRef = 2EC661C12B13104A00E3EFE0 /* FeudKit.h */; settings = {ATTRIBUTES = (Public, ); }; };
		2EC661C92B13113E00E3EFE0 /* Answer.swift in Sources */ = {isa = PBXBuildFile; fileRef = 2EC661C82B13113E00E3EFE0 /* Answer.swift */; };
		2EC661CB2B13122A00E3EFE0 /* Family.swift in Sources */ = {isa = PBXBuildFile; fileRef = 2EC661CA2B13122A00E3EFE0 /* Family.swift */; };
		2EC661CE2B13152700E3EFE0 /* FamilyCollection.swift in Sources */ = {isa = PBXBuildFile; fileRef = 2EC661CD2B13152700E3EFE0 /* FamilyCollection.swift */; };
		2EC661D02B1318A500E3EFE0 /* Question.swift in Sources */ = {isa = PBXBuildFile; fileRef = 2EC661CF2B1318A500E3EFE0 /* Question.swift */; };
		2EC661D22B131A7E00E3EFE0 /* QuestionSet.swift in Sources */ = {isa = PBXBuildFile; fileRef = 2EC661D12B131A7E00E3EFE0 /* QuestionSet.swift */; };
		2EC661E12B14376200E3EFE0 /* StateMachine.swift in Sources */ = {isa = PBXBuildFile; fileRef = 2EC661E02B14376200E3EFE0 /* StateMachine.swift */; };
		2EC661E32B14378F00E3EFE0 /* State.swift in Sources */ = {isa = PBXBuildFile; fileRef = 2EC661E22B14378F00E3EFE0 /* State.swift */; };
		2EC661E52B143F1200E3EFE0 /* FFPlayStateMachine.swift in Sources */ = {isa = PBXBuildFile; fileRef = 2EC661E42B143F1200E3EFE0 /* FFPlayStateMachine.swift */; };
		2EC661E92B14474E00E3EFE0 /* AbstractFFStateMachine.swift in Sources */ = {isa = PBXBuildFile; fileRef = 2EC661E82B14474E00E3EFE0 /* AbstractFFStateMachine.swift */; };
		2EC661EB2B14481200E3EFE0 /* FFPlayStateType.swift in Sources */ = {isa = PBXBuildFile; fileRef = 2EC661EA2B14481200E3EFE0 /* FFPlayStateType.swift */; };
		2EC661ED2B14495200E3EFE0 /* FFPlayState.swift in Sources */ = {isa = PBXBuildFile; fileRef = 2EC661EC2B14495200E3EFE0 /* FFPlayState.swift */; };
		2EC661F02B144AA700E3EFE0 /* FFPlayStateFactory.swift in Sources */ = {isa = PBXBuildFile; fileRef = 2EC661EF2B144AA700E3EFE0 /* FFPlayStateFactory.swift */; };
		2EC661F22B144BB500E3EFE0 /* StateAllocatePoints.swift in Sources */ = {isa = PBXBuildFile; fileRef = 2EC661F12B144BB500E3EFE0 /* StateAllocatePoints.swift */; };
		2EC661F42B144BBF00E3EFE0 /* StateFaceOff.swift in Sources */ = {isa = PBXBuildFile; fileRef = 2EC661F32B144BBF00E3EFE0 /* StateFaceOff.swift */; };
		2EC661F72B144BCB00E3EFE0 /* StateFamilyPlay.swift in Sources */ = {isa = PBXBuildFile; fileRef = 2EC661F62B144BCB00E3EFE0 /* StateFamilyPlay.swift */; };
		2EC661F92B144BD800E3EFE0 /* StateFamilySteal.swift in Sources */ = {isa = PBXBuildFile; fileRef = 2EC661F82B144BD800E3EFE0 /* StateFamilySteal.swift */; };
		2EC661FB2B144BE200E3EFE0 /* StateRevealAnswers.swift in Sources */ = {isa = PBXBuildFile; fileRef = 2EC661FA2B144BE200E3EFE0 /* StateRevealAnswers.swift */; };
		2EC661FD2B144BEE00E3EFE0 /* StateSelectQuestion.swift in Sources */ = {isa = PBXBuildFile; fileRef = 2EC661FC2B144BEE00E3EFE0 /* StateSelectQuestion.swift */; };
		2EC662042B16F50900E3EFE0 /* StrikeInterface.swift in Sources */ = {isa = PBXBuildFile; fileRef = 2EC662032B16F50900E3EFE0 /* StrikeInterface.swift */; };
		2EC662062B181C3E00E3EFE0 /* FastMoney.swift in Sources */ = {isa = PBXBuildFile; fileRef = 2EC662052B181C3E00E3EFE0 /* FastMoney.swift */; };
		2EC662082B18273100E3EFE0 /* StateReveal.swift in Sources */ = {isa = PBXBuildFile; fileRef = 2EC662072B18273100E3EFE0 /* StateReveal.swift */; };
		2EC6620A2B18274000E3EFE0 /* StateAnswer.swift in Sources */ = {isa = PBXBuildFile; fileRef = 2EC662092B18274000E3EFE0 /* StateAnswer.swift */; };
		2EC6620C2B18274C00E3EFE0 /* FFFastMoneyState.swift in Sources */ = {isa = PBXBuildFile; fileRef = 2EC6620B2B18274C00E3EFE0 /* FFFastMoneyState.swift */; };
		2EC6620E2B18282300E3EFE0 /* FFFastMoneyStateType.swift in Sources */ = {isa = PBXBuildFile; fileRef = 2EC6620D2B18282300E3EFE0 /* FFFastMoneyStateType.swift */; };
		2EC662102B184EE800E3EFE0 /* FFFastMoneyStateFactory.swift in Sources */ = {isa = PBXBuildFile; fileRef = 2EC6620F2B184EE800E3EFE0 /* FFFastMoneyStateFactory.swift */; };
		2EC662122B18511000E3EFE0 /* FFFastMoneyStateMachine.swift in Sources */ = {isa = PBXBuildFile; fileRef = 2EC662112B18511000E3EFE0 /* FFFastMoneyStateMachine.swift */; };
		2EC662142B1855AF00E3EFE0 /* FFState.swift in Sources */ = {isa = PBXBuildFile; fileRef = 2EC662132B1855AF00E3EFE0 /* FFState.swift */; };
		2EC662162B1855F100E3EFE0 /* FFStateType.swift in Sources */ = {isa = PBXBuildFile; fileRef = 2EC662152B1855F100E3EFE0 /* FFStateType.swift */; };
		2EC662182B1986E000E3EFE0 /* StateEndGame.swift in Sources */ = {isa = PBXBuildFile; fileRef = 2EC662172B1986E000E3EFE0 /* StateEndGame.swift */; };
		2EC6621A2B19870F00E3EFE0 /* FamilyFeudGame.swift in Sources */ = {isa = PBXBuildFile; fileRef = 2EC662192B19870F00E3EFE0 /* FamilyFeudGame.swift */; };
		2EC6621D2B19874100E3EFE0 /* FFStateMachine.swift in Sources */ = {isa = PBXBuildFile; fileRef = 2EC6621C2B19874100E3EFE0 /* FFStateMachine.swift */; };
		2EC6621F2B198CCA00E3EFE0 /* StateAddFamily.swift in Sources */ = {isa = PBXBuildFile; fileRef = 2EC6621E2B198CCA00E3EFE0 /* StateAddFamily.swift */; };
		2EC662212B198E6500E3EFE0 /* StateInitializeGame.swift in Sources */ = {isa = PBXBuildFile; fileRef = 2EC662202B198E6500E3EFE0 /* StateInitializeGame.swift */; };
		2EC662232B198EB600E3EFE0 /* StateLoadQuestions.swift in Sources */ = {isa = PBXBuildFile; fileRef = 2EC662222B198EB600E3EFE0 /* StateLoadQuestions.swift */; };
		2EC662262B198F3D00E3EFE0 /* JSONQuestionSet.swift in Sources */ = {isa = PBXBuildFile; fileRef = 2EC662252B198F3D00E3EFE0 /* JSONQuestionSet.swift */; };
		2EC662282B19909300E3EFE0 /* StateNewGame.swift in Sources */ = {isa = PBXBuildFile; fileRef = 2EC662272B19909300E3EFE0 /* StateNewGame.swift */; };
		2EC6622A2B1990D500E3EFE0 /* StatePlay.swift in Sources */ = {isa = PBXBuildFile; fileRef = 2EC662292B1990D500E3EFE0 /* StatePlay.swift */; };
		2EC6622C2B1992BF00E3EFE0 /* StateStart.swift in Sources */ = {isa = PBXBuildFile; fileRef = 2EC6622B2B1992BF00E3EFE0 /* StateStart.swift */; };
		2EC6622E2B19938700E3EFE0 /* FFStateFactory.swift in Sources */ = {isa = PBXBuildFile; fileRef = 2EC6622D2B19938700E3EFE0 /* FFStateFactory.swift */; };
		2EC662302B19953F00E3EFE0 /* StateFastMoney.swift in Sources */ = {isa = PBXBuildFile; fileRef = 2EC6622F2B19953F00E3EFE0 /* StateFastMoney.swift */; };
/* End PBXBuildFile section */

/* Begin PBXFileReference section */
		2EC661BE2B13104A00E3EFE0 /* FeudKit.framework */ = {isa = PBXFileReference; explicitFileType = wrapper.framework; includeInIndex = 0; path = FeudKit.framework; sourceTree = BUILT_PRODUCTS_DIR; };
		2EC661C12B13104A00E3EFE0 /* FeudKit.h */ = {isa = PBXFileReference; lastKnownFileType = sourcecode.c.h; path = FeudKit.h; sourceTree = "<group>"; };
		2EC661C82B13113E00E3EFE0 /* Answer.swift */ = {isa = PBXFileReference; lastKnownFileType = sourcecode.swift; path = Answer.swift; sourceTree = "<group>"; };
		2EC661CA2B13122A00E3EFE0 /* Family.swift */ = {isa = PBXFileReference; lastKnownFileType = sourcecode.swift; path = Family.swift; sourceTree = "<group>"; };
		2EC661CD2B13152700E3EFE0 /* FamilyCollection.swift */ = {isa = PBXFileReference; lastKnownFileType = sourcecode.swift; path = FamilyCollection.swift; sourceTree = "<group>"; };
		2EC661CF2B1318A500E3EFE0 /* Question.swift */ = {isa = PBXFileReference; lastKnownFileType = sourcecode.swift; path = Question.swift; sourceTree = "<group>"; };
		2EC661D12B131A7E00E3EFE0 /* QuestionSet.swift */ = {isa = PBXFileReference; lastKnownFileType = sourcecode.swift; path = QuestionSet.swift; sourceTree = "<group>"; };
		2EC661E02B14376200E3EFE0 /* StateMachine.swift */ = {isa = PBXFileReference; lastKnownFileType = sourcecode.swift; path = StateMachine.swift; sourceTree = "<group>"; };
		2EC661E22B14378F00E3EFE0 /* State.swift */ = {isa = PBXFileReference; lastKnownFileType = sourcecode.swift; path = State.swift; sourceTree = "<group>"; };
		2EC661E42B143F1200E3EFE0 /* FFPlayStateMachine.swift */ = {isa = PBXFileReference; lastKnownFileType = sourcecode.swift; path = FFPlayStateMachine.swift; sourceTree = "<group>"; };
		2EC661E82B14474E00E3EFE0 /* AbstractFFStateMachine.swift */ = {isa = PBXFileReference; lastKnownFileType = sourcecode.swift; path = AbstractFFStateMachine.swift; sourceTree = "<group>"; };
		2EC661EA2B14481200E3EFE0 /* FFPlayStateType.swift */ = {isa = PBXFileReference; lastKnownFileType = sourcecode.swift; path = FFPlayStateType.swift; sourceTree = "<group>"; };
		2EC661EC2B14495200E3EFE0 /* FFPlayState.swift */ = {isa = PBXFileReference; lastKnownFileType = sourcecode.swift; path = FFPlayState.swift; sourceTree = "<group>"; };
		2EC661EF2B144AA700E3EFE0 /* FFPlayStateFactory.swift */ = {isa = PBXFileReference; lastKnownFileType = sourcecode.swift; path = FFPlayStateFactory.swift; sourceTree = "<group>"; };
		2EC661F12B144BB500E3EFE0 /* StateAllocatePoints.swift */ = {isa = PBXFileReference; lastKnownFileType = sourcecode.swift; path = StateAllocatePoints.swift; sourceTree = "<group>"; };
		2EC661F32B144BBF00E3EFE0 /* StateFaceOff.swift */ = {isa = PBXFileReference; lastKnownFileType = sourcecode.swift; path = StateFaceOff.swift; sourceTree = "<group>"; };
		2EC661F62B144BCB00E3EFE0 /* StateFamilyPlay.swift */ = {isa = PBXFileReference; lastKnownFileType = sourcecode.swift; path = StateFamilyPlay.swift; sourceTree = "<group>"; };
		2EC661F82B144BD800E3EFE0 /* StateFamilySteal.swift */ = {isa = PBXFileReference; lastKnownFileType = sourcecode.swift; path = StateFamilySteal.swift; sourceTree = "<group>"; };
		2EC661FA2B144BE200E3EFE0 /* StateRevealAnswers.swift */ = {isa = PBXFileReference; lastKnownFileType = sourcecode.swift; path = StateRevealAnswers.swift; sourceTree = "<group>"; };
		2EC661FC2B144BEE00E3EFE0 /* StateSelectQuestion.swift */ = {isa = PBXFileReference; lastKnownFileType = sourcecode.swift; path = StateSelectQuestion.swift; sourceTree = "<group>"; };
		2EC662032B16F50900E3EFE0 /* StrikeInterface.swift */ = {isa = PBXFileReference; lastKnownFileType = sourcecode.swift; path = StrikeInterface.swift; sourceTree = "<group>"; };
		2EC662052B181C3E00E3EFE0 /* FastMoney.swift */ = {isa = PBXFileReference; lastKnownFileType = sourcecode.swift; path = FastMoney.swift; sourceTree = "<group>"; };
		2EC662072B18273100E3EFE0 /* StateReveal.swift */ = {isa = PBXFileReference; lastKnownFileType = sourcecode.swift; path = StateReveal.swift; sourceTree = "<group>"; };
		2EC662092B18274000E3EFE0 /* StateAnswer.swift */ = {isa = PBXFileReference; lastKnownFileType = sourcecode.swift; path = StateAnswer.swift; sourceTree = "<group>"; };
		2EC6620B2B18274C00E3EFE0 /* FFFastMoneyState.swift */ = {isa = PBXFileReference; lastKnownFileType = sourcecode.swift; path = FFFastMoneyState.swift; sourceTree = "<group>"; };
		2EC6620D2B18282300E3EFE0 /* FFFastMoneyStateType.swift */ = {isa = PBXFileReference; lastKnownFileType = sourcecode.swift; path = FFFastMoneyStateType.swift; sourceTree = "<group>"; };
		2EC6620F2B184EE800E3EFE0 /* FFFastMoneyStateFactory.swift */ = {isa = PBXFileReference; lastKnownFileType = sourcecode.swift; path = FFFastMoneyStateFactory.swift; sourceTree = "<group>"; };
		2EC662112B18511000E3EFE0 /* FFFastMoneyStateMachine.swift */ = {isa = PBXFileReference; lastKnownFileType = sourcecode.swift; path = FFFastMoneyStateMachine.swift; sourceTree = "<group>"; };
		2EC662132B1855AF00E3EFE0 /* FFState.swift */ = {isa = PBXFileReference; lastKnownFileType = sourcecode.swift; path = FFState.swift; sourceTree = "<group>"; };
		2EC662152B1855F100E3EFE0 /* FFStateType.swift */ = {isa = PBXFileReference; lastKnownFileType = sourcecode.swift; path = FFStateType.swift; sourceTree = "<group>"; };
		2EC662172B1986E000E3EFE0 /* StateEndGame.swift */ = {isa = PBXFileReference; lastKnownFileType = sourcecode.swift; path = StateEndGame.swift; sourceTree = "<group>"; };
		2EC662192B19870F00E3EFE0 /* FamilyFeudGame.swift */ = {isa = PBXFileReference; lastKnownFileType = sourcecode.swift; path = FamilyFeudGame.swift; sourceTree = "<group>"; };
		2EC6621C2B19874100E3EFE0 /* FFStateMachine.swift */ = {isa = PBXFileReference; lastKnownFileType = sourcecode.swift; path = FFStateMachine.swift; sourceTree = "<group>"; };
		2EC6621E2B198CCA00E3EFE0 /* StateAddFamily.swift */ = {isa = PBXFileReference; lastKnownFileType = sourcecode.swift; path = StateAddFamily.swift; sourceTree = "<group>"; };
		2EC662202B198E6500E3EFE0 /* StateInitializeGame.swift */ = {isa = PBXFileReference; lastKnownFileType = sourcecode.swift; path = StateInitializeGame.swift; sourceTree = "<group>"; };
		2EC662222B198EB600E3EFE0 /* StateLoadQuestions.swift */ = {isa = PBXFileReference; lastKnownFileType = sourcecode.swift; path = StateLoadQuestions.swift; sourceTree = "<group>"; };
		2EC662252B198F3D00E3EFE0 /* JSONQuestionSet.swift */ = {isa = PBXFileReference; lastKnownFileType = sourcecode.swift; path = JSONQuestionSet.swift; sourceTree = "<group>"; };
		2EC662272B19909300E3EFE0 /* StateNewGame.swift */ = {isa = PBXFileReference; lastKnownFileType = sourcecode.swift; path = StateNewGame.swift; sourceTree = "<group>"; };
		2EC662292B1990D500E3EFE0 /* StatePlay.swift */ = {isa = PBXFileReference; lastKnownFileType = sourcecode.swift; path = StatePlay.swift; sourceTree = "<group>"; };
		2EC6622B2B1992BF00E3EFE0 /* StateStart.swift */ = {isa = PBXFileReference; lastKnownFileType = sourcecode.swift; path = StateStart.swift; sourceTree = "<group>"; };
		2EC6622D2B19938700E3EFE0 /* FFStateFactory.swift */ = {isa = PBXFileReference; lastKnownFileType = sourcecode.swift; path = FFStateFactory.swift; sourceTree = "<group>"; };
		2EC6622F2B19953F00E3EFE0 /* StateFastMoney.swift */ = {isa = PBXFileReference; lastKnownFileType = sourcecode.swift; path = StateFastMoney.swift; sourceTree = "<group>"; };
/* End PBXFileReference section */

/* Begin PBXFrameworksBuildPhase section */
		2EC661BB2B13104A00E3EFE0 /* Frameworks */ = {
			isa = PBXFrameworksBuildPhase;
			buildActionMask = 2147483647;
			files = (
			);
			runOnlyForDeploymentPostprocessing = 0;
		};
/* End PBXFrameworksBuildPhase section */

/* Begin PBXGroup section */
		2EC661B42B13104A00E3EFE0 = {
			isa = PBXGroup;
			children = (
				2EC661C02B13104A00E3EFE0 /* FeudKit */,
				2EC661BF2B13104A00E3EFE0 /* Products */,
			);
			sourceTree = "<group>";
		};
		2EC661BF2B13104A00E3EFE0 /* Products */ = {
			isa = PBXGroup;
			children = (
				2EC661BE2B13104A00E3EFE0 /* FeudKit.framework */,
			);
			name = Products;
			sourceTree = "<group>";
		};
		2EC661C02B13104A00E3EFE0 /* FeudKit */ = {
			isa = PBXGroup;
			children = (
				2EC662312B199D3500E3EFE0 /* Game */,
				2EC662242B198F2F00E3EFE0 /* Resources */,
				2EC661DF2B14375300E3EFE0 /* Utility */,
				2EC661C12B13104A00E3EFE0 /* FeudKit.h */,
			);
			path = FeudKit;
			sourceTree = "<group>";
		};
		2EC661D82B131EE700E3EFE0 /* FastMoney */ = {
			isa = PBXGroup;
			children = (
				2EC662052B181C3E00E3EFE0 /* FastMoney.swift */,
				2EC6620B2B18274C00E3EFE0 /* FFFastMoneyState.swift */,
				2EC6620F2B184EE800E3EFE0 /* FFFastMoneyStateFactory.swift */,
				2EC662112B18511000E3EFE0 /* FFFastMoneyStateMachine.swift */,
				2EC6620D2B18282300E3EFE0 /* FFFastMoneyStateType.swift */,
				2EC662092B18274000E3EFE0 /* StateAnswer.swift */,
				2EC662072B18273100E3EFE0 /* StateReveal.swift */,
			);
			path = FastMoney;
			sourceTree = "<group>";
		};
		2EC661D92B131EEF00E3EFE0 /* Play */ = {
			isa = PBXGroup;
			children = (
				2EC661EC2B14495200E3EFE0 /* FFPlayState.swift */,
				2EC661EF2B144AA700E3EFE0 /* FFPlayStateFactory.swift */,
				2EC661E42B143F1200E3EFE0 /* FFPlayStateMachine.swift */,
				2EC661EA2B14481200E3EFE0 /* FFPlayStateType.swift */,
				2EC661F12B144BB500E3EFE0 /* StateAllocatePoints.swift */,
				2EC661F32B144BBF00E3EFE0 /* StateFaceOff.swift */,
				2EC661F62B144BCB00E3EFE0 /* StateFamilyPlay.swift */,
				2EC661F82B144BD800E3EFE0 /* StateFamilySteal.swift */,
				2EC661FA2B144BE200E3EFE0 /* StateRevealAnswers.swift */,
				2EC661FC2B144BEE00E3EFE0 /* StateSelectQuestion.swift */,
				2EC662032B16F50900E3EFE0 /* StrikeInterface.swift */,
			);
			path = Play;
			sourceTree = "<group>";
		};
		2EC661DA2B131EF800E3EFE0 /* State */ = {
			isa = PBXGroup;
			children = (
				2EC662132B1855AF00E3EFE0 /* FFState.swift */,
				2EC6622D2B19938700E3EFE0 /* FFStateFactory.swift */,
				2EC662152B1855F100E3EFE0 /* FFStateType.swift */,
				2EC6621C2B19874100E3EFE0 /* FFStateMachine.swift */,
				2EC6621E2B198CCA00E3EFE0 /* StateAddFamily.swift */,
				2EC662172B1986E000E3EFE0 /* StateEndGame.swift */,
				2EC6622F2B19953F00E3EFE0 /* StateFastMoney.swift */,
				2EC662202B198E6500E3EFE0 /* StateInitializeGame.swift */,
				2EC662222B198EB600E3EFE0 /* StateLoadQuestions.swift */,
				2EC662272B19909300E3EFE0 /* StateNewGame.swift */,
				2EC662292B1990D500E3EFE0 /* StatePlay.swift */,
				2EC6622B2B1992BF00E3EFE0 /* StateStart.swift */,
			);
			path = State;
			sourceTree = "<group>";
		};
		2EC661DF2B14375300E3EFE0 /* Utility */ = {
			isa = PBXGroup;
			children = (
				2EC661E02B14376200E3EFE0 /* StateMachine.swift */,
				2EC661E22B14378F00E3EFE0 /* State.swift */,
			);
			path = Utility;
			sourceTree = "<group>";
		};
		2EC662242B198F2F00E3EFE0 /* Resources */ = {
			isa = PBXGroup;
			children = (
				2EC662252B198F3D00E3EFE0 /* JSONQuestionSet.swift */,
			);
			path = Resources;
			sourceTree = "<group>";
		};
		2EC662312B199D3500E3EFE0 /* Game */ = {
			isa = PBXGroup;
			children = (
				2EC661D82B131EE700E3EFE0 /* FastMoney */,
				2EC661D92B131EEF00E3EFE0 /* Play */,
				2EC661DA2B131EF800E3EFE0 /* State */,
				2EC661E82B14474E00E3EFE0 /* AbstractFFStateMachine.swift */,
				2EC661C82B13113E00E3EFE0 /* Answer.swift */,
				2EC661CA2B13122A00E3EFE0 /* Family.swift */,
				2EC661CD2B13152700E3EFE0 /* FamilyCollection.swift */,
				2EC662192B19870F00E3EFE0 /* FamilyFeudGame.swift */,
				2EC661CF2B1318A500E3EFE0 /* Question.swift */,
				2EC661D12B131A7E00E3EFE0 /* QuestionSet.swift */,
			);
			path = Game;
			sourceTree = "<group>";
		};
/* End PBXGroup section */

/* Begin PBXHeadersBuildPhase section */
		2EC661B92B13104A00E3EFE0 /* Headers */ = {
			isa = PBXHeadersBuildPhase;
			buildActionMask = 2147483647;
			files = (
				2EC661C22B13104A00E3EFE0 /* FeudKit.h in Headers */,
			);
			runOnlyForDeploymentPostprocessing = 0;
		};
/* End PBXHeadersBuildPhase section */

/* Begin PBXNativeTarget section */
		2EC661BD2B13104A00E3EFE0 /* FeudKit */ = {
			isa = PBXNativeTarget;
			buildConfigurationList = 2EC661C52B13104A00E3EFE0 /* Build configuration list for PBXNativeTarget "FeudKit" */;
			buildPhases = (
				2EC661B92B13104A00E3EFE0 /* Headers */,
				2EC661BA2B13104A00E3EFE0 /* Sources */,
				2EC661BB2B13104A00E3EFE0 /* Frameworks */,
				2EC661BC2B13104A00E3EFE0 /* Resources */,
			);
			buildRules = (
			);
			dependencies = (
			);
			name = FeudKit;
			productName = FeudKit;
			productReference = 2EC661BE2B13104A00E3EFE0 /* FeudKit.framework */;
			productType = "com.apple.product-type.framework";
		};
/* End PBXNativeTarget section */

/* Begin PBXProject section */
		2EC661B52B13104A00E3EFE0 /* Project object */ = {
			isa = PBXProject;
			attributes = {
				BuildIndependentTargetsInParallel = 1;
				LastUpgradeCheck = 1500;
				TargetAttributes = {
					2EC661BD2B13104A00E3EFE0 = {
						CreatedOnToolsVersion = 15.0;
						LastSwiftMigration = 1500;
					};
				};
			};
			buildConfigurationList = 2EC661B82B13104A00E3EFE0 /* Build configuration list for PBXProject "FeudKit" */;
			compatibilityVersion = "Xcode 14.0";
			developmentRegion = en;
			hasScannedForEncodings = 0;
			knownRegions = (
				en,
				Base,
			);
			mainGroup = 2EC661B42B13104A00E3EFE0;
			productRefGroup = 2EC661BF2B13104A00E3EFE0 /* Products */;
			projectDirPath = "";
			projectRoot = "";
			targets = (
				2EC661BD2B13104A00E3EFE0 /* FeudKit */,
			);
		};
/* End PBXProject section */

/* Begin PBXResourcesBuildPhase section */
		2EC661BC2B13104A00E3EFE0 /* Resources */ = {
			isa = PBXResourcesBuildPhase;
			buildActionMask = 2147483647;
			files = (
			);
			runOnlyForDeploymentPostprocessing = 0;
		};
/* End PBXResourcesBuildPhase section */

/* Begin PBXSourcesBuildPhase section */
		2EC661BA2B13104A00E3EFE0 /* Sources */ = {
			isa = PBXSourcesBuildPhase;
			buildActionMask = 2147483647;
			files = (
				2EC661D22B131A7E00E3EFE0 /* QuestionSet.swift in Sources */,
				2EC661E12B14376200E3EFE0 /* StateMachine.swift in Sources */,
				2EC661CE2B13152700E3EFE0 /* FamilyCollection.swift in Sources */,
				2EC661FD2B144BEE00E3EFE0 /* StateSelectQuestion.swift in Sources */,
				2EC661F22B144BB500E3EFE0 /* StateAllocatePoints.swift in Sources */,
				2EC661ED2B14495200E3EFE0 /* FFPlayState.swift in Sources */,
				2EC662302B19953F00E3EFE0 /* StateFastMoney.swift in Sources */,
				2EC661E92B14474E00E3EFE0 /* AbstractFFStateMachine.swift in Sources */,
				2EC661E52B143F1200E3EFE0 /* FFPlayStateMachine.swift in Sources */,
				2EC6621D2B19874100E3EFE0 /* FFStateMachine.swift in Sources */,
				2EC661D02B1318A500E3EFE0 /* Question.swift in Sources */,
				2EC662142B1855AF00E3EFE0 /* FFState.swift in Sources */,
				2EC6620A2B18274000E3EFE0 /* StateAnswer.swift in Sources */,
				2EC661F42B144BBF00E3EFE0 /* StateFaceOff.swift in Sources */,
				2EC662042B16F50900E3EFE0 /* StrikeInterface.swift in Sources */,
				2EC661F72B144BCB00E3EFE0 /* StateFamilyPlay.swift in Sources */,
				2EC662232B198EB600E3EFE0 /* StateLoadQuestions.swift in Sources */,
				2EC6620C2B18274C00E3EFE0 /* FFFastMoneyState.swift in Sources */,
				2EC6621A2B19870F00E3EFE0 /* FamilyFeudGame.swift in Sources */,
				2EC6622E2B19938700E3EFE0 /* FFStateFactory.swift in Sources */,
				2EC662282B19909300E3EFE0 /* StateNewGame.swift in Sources */,
				2EC661C92B13113E00E3EFE0 /* Answer.swift in Sources */,
				2EC661F02B144AA700E3EFE0 /* FFPlayStateFactory.swift in Sources */,
				2EC661FB2B144BE200E3EFE0 /* StateRevealAnswers.swift in Sources */,
				2EC6622A2B1990D500E3EFE0 /* StatePlay.swift in Sources */,
				2EC661E32B14378F00E3EFE0 /* State.swift in Sources */,
				2EC662162B1855F100E3EFE0 /* FFStateType.swift in Sources */,
				2EC6620E2B18282300E3EFE0 /* FFFastMoneyStateType.swift in Sources */,
				2EC662062B181C3E00E3EFE0 /* FastMoney.swift in Sources */,
				2EC662212B198E6500E3EFE0 /* StateInitializeGame.swift in Sources */,
				2EC6622C2B1992BF00E3EFE0 /* StateStart.swift in Sources */,
				2EC662122B18511000E3EFE0 /* FFFastMoneyStateMachine.swift in Sources */,
				2EC662262B198F3D00E3EFE0 /* JSONQuestionSet.swift in Sources */,
				2EC661CB2B13122A00E3EFE0 /* Family.swift in Sources */,
				2EC661EB2B14481200E3EFE0 /* FFPlayStateType.swift in Sources */,
				2EC6621F2B198CCA00E3EFE0 /* StateAddFamily.swift in Sources */,
				2EC662102B184EE800E3EFE0 /* FFFastMoneyStateFactory.swift in Sources */,
				2EC662182B1986E000E3EFE0 /* StateEndGame.swift in Sources */,
				2EC661F92B144BD800E3EFE0 /* StateFamilySteal.swift in Sources */,
				2EC662082B18273100E3EFE0 /* StateReveal.swift in Sources */,
			);
			runOnlyForDeploymentPostprocessing = 0;
		};
/* End PBXSourcesBuildPhase section */

/* Begin XCBuildConfiguration section */
		2EC661C32B13104A00E3EFE0 /* Debug */ = {
			isa = XCBuildConfiguration;
			buildSettings = {
				ALWAYS_SEARCH_USER_PATHS = NO;
				ASSETCATALOG_COMPILER_GENERATE_SWIFT_ASSET_SYMBOL_EXTENSIONS = YES;
				CLANG_ANALYZER_NONNULL = YES;
				CLANG_ANALYZER_NUMBER_OBJECT_CONVERSION = YES_AGGRESSIVE;
				CLANG_CXX_LANGUAGE_STANDARD = "gnu++20";
				CLANG_ENABLE_MODULES = YES;
				CLANG_ENABLE_OBJC_ARC = YES;
				CLANG_ENABLE_OBJC_WEAK = YES;
				CLANG_WARN_BLOCK_CAPTURE_AUTORELEASING = YES;
				CLANG_WARN_BOOL_CONVERSION = YES;
				CLANG_WARN_COMMA = YES;
				CLANG_WARN_CONSTANT_CONVERSION = YES;
				CLANG_WARN_DEPRECATED_OBJC_IMPLEMENTATIONS = YES;
				CLANG_WARN_DIRECT_OBJC_ISA_USAGE = YES_ERROR;
				CLANG_WARN_DOCUMENTATION_COMMENTS = YES;
				CLANG_WARN_EMPTY_BODY = YES;
				CLANG_WARN_ENUM_CONVERSION = YES;
				CLANG_WARN_INFINITE_RECURSION = YES;
				CLANG_WARN_INT_CONVERSION = YES;
				CLANG_WARN_NON_LITERAL_NULL_CONVERSION = YES;
				CLANG_WARN_OBJC_IMPLICIT_RETAIN_SELF = YES;
				CLANG_WARN_OBJC_LITERAL_CONVERSION = YES;
				CLANG_WARN_OBJC_ROOT_CLASS = YES_ERROR;
				CLANG_WARN_QUOTED_INCLUDE_IN_FRAMEWORK_HEADER = YES;
				CLANG_WARN_RANGE_LOOP_ANALYSIS = YES;
				CLANG_WARN_STRICT_PROTOTYPES = YES;
				CLANG_WARN_SUSPICIOUS_MOVE = YES;
				CLANG_WARN_UNGUARDED_AVAILABILITY = YES_AGGRESSIVE;
				CLANG_WARN_UNREACHABLE_CODE = YES;
				CLANG_WARN__DUPLICATE_METHOD_MATCH = YES;
				COPY_PHASE_STRIP = NO;
				CURRENT_PROJECT_VERSION = 1;
				DEBUG_INFORMATION_FORMAT = dwarf;
				ENABLE_STRICT_OBJC_MSGSEND = YES;
				ENABLE_TESTABILITY = YES;
				ENABLE_USER_SCRIPT_SANDBOXING = YES;
				GCC_C_LANGUAGE_STANDARD = gnu17;
				GCC_DYNAMIC_NO_PIC = NO;
				GCC_NO_COMMON_BLOCKS = YES;
				GCC_OPTIMIZATION_LEVEL = 0;
				GCC_PREPROCESSOR_DEFINITIONS = (
					"DEBUG=1",
					"$(inherited)",
				);
				GCC_WARN_64_TO_32_BIT_CONVERSION = YES;
				GCC_WARN_ABOUT_RETURN_TYPE = YES_ERROR;
				GCC_WARN_UNDECLARED_SELECTOR = YES;
				GCC_WARN_UNINITIALIZED_AUTOS = YES_AGGRESSIVE;
				GCC_WARN_UNUSED_FUNCTION = YES;
				GCC_WARN_UNUSED_VARIABLE = YES;
				LOCALIZATION_PREFERS_STRING_CATALOGS = YES;
				MTL_ENABLE_DEBUG_INFO = INCLUDE_SOURCE;
				MTL_FAST_MATH = YES;
				ONLY_ACTIVE_ARCH = YES;
				SWIFT_ACTIVE_COMPILATION_CONDITIONS = "DEBUG $(inherited)";
				SWIFT_OPTIMIZATION_LEVEL = "-Onone";
				VERSIONING_SYSTEM = "apple-generic";
				VERSION_INFO_PREFIX = "";
			};
			name = Debug;
		};
		2EC661C42B13104A00E3EFE0 /* Release */ = {
			isa = XCBuildConfiguration;
			buildSettings = {
				ALWAYS_SEARCH_USER_PATHS = NO;
				ASSETCATALOG_COMPILER_GENERATE_SWIFT_ASSET_SYMBOL_EXTENSIONS = YES;
				CLANG_ANALYZER_NONNULL = YES;
				CLANG_ANALYZER_NUMBER_OBJECT_CONVERSION = YES_AGGRESSIVE;
				CLANG_CXX_LANGUAGE_STANDARD = "gnu++20";
				CLANG_ENABLE_MODULES = YES;
				CLANG_ENABLE_OBJC_ARC = YES;
				CLANG_ENABLE_OBJC_WEAK = YES;
				CLANG_WARN_BLOCK_CAPTURE_AUTORELEASING = YES;
				CLANG_WARN_BOOL_CONVERSION = YES;
				CLANG_WARN_COMMA = YES;
				CLANG_WARN_CONSTANT_CONVERSION = YES;
				CLANG_WARN_DEPRECATED_OBJC_IMPLEMENTATIONS = YES;
				CLANG_WARN_DIRECT_OBJC_ISA_USAGE = YES_ERROR;
				CLANG_WARN_DOCUMENTATION_COMMENTS = YES;
				CLANG_WARN_EMPTY_BODY = YES;
				CLANG_WARN_ENUM_CONVERSION = YES;
				CLANG_WARN_INFINITE_RECURSION = YES;
				CLANG_WARN_INT_CONVERSION = YES;
				CLANG_WARN_NON_LITERAL_NULL_CONVERSION = YES;
				CLANG_WARN_OBJC_IMPLICIT_RETAIN_SELF = YES;
				CLANG_WARN_OBJC_LITERAL_CONVERSION = YES;
				CLANG_WARN_OBJC_ROOT_CLASS = YES_ERROR;
				CLANG_WARN_QUOTED_INCLUDE_IN_FRAMEWORK_HEADER = YES;
				CLANG_WARN_RANGE_LOOP_ANALYSIS = YES;
				CLANG_WARN_STRICT_PROTOTYPES = YES;
				CLANG_WARN_SUSPICIOUS_MOVE = YES;
				CLANG_WARN_UNGUARDED_AVAILABILITY = YES_AGGRESSIVE;
				CLANG_WARN_UNREACHABLE_CODE = YES;
				CLANG_WARN__DUPLICATE_METHOD_MATCH = YES;
				COPY_PHASE_STRIP = NO;
				CURRENT_PROJECT_VERSION = 1;
				DEBUG_INFORMATION_FORMAT = "dwarf-with-dsym";
				ENABLE_NS_ASSERTIONS = NO;
				ENABLE_STRICT_OBJC_MSGSEND = YES;
				ENABLE_USER_SCRIPT_SANDBOXING = YES;
				GCC_C_LANGUAGE_STANDARD = gnu17;
				GCC_NO_COMMON_BLOCKS = YES;
				GCC_WARN_64_TO_32_BIT_CONVERSION = YES;
				GCC_WARN_ABOUT_RETURN_TYPE = YES_ERROR;
				GCC_WARN_UNDECLARED_SELECTOR = YES;
				GCC_WARN_UNINITIALIZED_AUTOS = YES_AGGRESSIVE;
				GCC_WARN_UNUSED_FUNCTION = YES;
				GCC_WARN_UNUSED_VARIABLE = YES;
				LOCALIZATION_PREFERS_STRING_CATALOGS = YES;
				MTL_ENABLE_DEBUG_INFO = NO;
				MTL_FAST_MATH = YES;
				SWIFT_COMPILATION_MODE = wholemodule;
				VERSIONING_SYSTEM = "apple-generic";
				VERSION_INFO_PREFIX = "";
			};
			name = Release;
		};
		2EC661C62B13104A00E3EFE0 /* Debug */ = {
			isa = XCBuildConfiguration;
			buildSettings = {
				CLANG_ENABLE_MODULES = YES;
				CODE_SIGN_STYLE = Automatic;
				CURRENT_PROJECT_VERSION = 1;
				DEFINES_MODULE = YES;
				DEVELOPMENT_TEAM = 3S8XC6A264;
				DYLIB_COMPATIBILITY_VERSION = 1;
				DYLIB_CURRENT_VERSION = 1;
				DYLIB_INSTALL_NAME_BASE = "@rpath";
				ENABLE_MODULE_VERIFIER = YES;
				GENERATE_INFOPLIST_FILE = YES;
				INFOPLIST_KEY_NSHumanReadableCopyright = "";
				INSTALL_PATH = "$(LOCAL_LIBRARY_DIR)/Frameworks";
				IPHONEOS_DEPLOYMENT_TARGET = 17.0;
				LD_RUNPATH_SEARCH_PATHS = (
					"@executable_path/Frameworks",
					"@loader_path/Frameworks",
				);
				"LD_RUNPATH_SEARCH_PATHS[sdk=macosx*]" = (
					"@executable_path/../Frameworks",
					"@loader_path/Frameworks",
				);
				MACOSX_DEPLOYMENT_TARGET = 14.0;
				MARKETING_VERSION = 1.0;
				MODULE_VERIFIER_SUPPORTED_LANGUAGES = "objective-c objective-c++";
				MODULE_VERIFIER_SUPPORTED_LANGUAGE_STANDARDS = "gnu17 gnu++20";
				PRODUCT_BUNDLE_IDENTIFIER = com.Cameron.Slash.FeudKit;
				PRODUCT_NAME = "$(TARGET_NAME:c99extidentifier)";
				SDKROOT = auto;
				SKIP_INSTALL = YES;
				SUPPORTED_PLATFORMS = "iphoneos iphonesimulator macosx";
				SWIFT_EMIT_LOC_STRINGS = YES;
				SWIFT_OPTIMIZATION_LEVEL = "-Onone";
				SWIFT_VERSION = 5.0;
				TARGETED_DEVICE_FAMILY = "1,2";
			};
			name = Debug;
		};
		2EC661C72B13104A00E3EFE0 /* Release */ = {
			isa = XCBuildConfiguration;
			buildSettings = {
				CLANG_ENABLE_MODULES = YES;
				CODE_SIGN_STYLE = Automatic;
				CURRENT_PROJECT_VERSION = 1;
				DEFINES_MODULE = YES;
				DEVELOPMENT_TEAM = 3S8XC6A264;
				DYLIB_COMPATIBILITY_VERSION = 1;
				DYLIB_CURRENT_VERSION = 1;
				DYLIB_INSTALL_NAME_BASE = "@rpath";
				ENABLE_MODULE_VERIFIER = YES;
				GENERATE_INFOPLIST_FILE = YES;
				INFOPLIST_KEY_NSHumanReadableCopyright = "";
				INSTALL_PATH = "$(LOCAL_LIBRARY_DIR)/Frameworks";
				IPHONEOS_DEPLOYMENT_TARGET = 17.0;
				LD_RUNPATH_SEARCH_PATHS = (
					"@executable_path/Frameworks",
					"@loader_path/Frameworks",
				);
				"LD_RUNPATH_SEARCH_PATHS[sdk=macosx*]" = (
					"@executable_path/../Frameworks",
					"@loader_path/Frameworks",
				);
				MACOSX_DEPLOYMENT_TARGET = 14.0;
				MARKETING_VERSION = 1.0;
				MODULE_VERIFIER_SUPPORTED_LANGUAGES = "objective-c objective-c++";
				MODULE_VERIFIER_SUPPORTED_LANGUAGE_STANDARDS = "gnu17 gnu++20";
				PRODUCT_BUNDLE_IDENTIFIER = com.Cameron.Slash.FeudKit;
				PRODUCT_NAME = "$(TARGET_NAME:c99extidentifier)";
				SDKROOT = auto;
				SKIP_INSTALL = YES;
				SUPPORTED_PLATFORMS = "iphoneos iphonesimulator macosx";
				SWIFT_EMIT_LOC_STRINGS = YES;
				SWIFT_VERSION = 5.0;
				TARGETED_DEVICE_FAMILY = "1,2";
			};
			name = Release;
		};
/* End XCBuildConfiguration section */

/* Begin XCConfigurationList section */
		2EC661B82B13104A00E3EFE0 /* Build configuration list for PBXProject "FeudKit" */ = {
			isa = XCConfigurationList;
			buildConfigurations = (
				2EC661C32B13104A00E3EFE0 /* Debug */,
				2EC661C42B13104A00E3EFE0 /* Release */,
			);
			defaultConfigurationIsVisible = 0;
			defaultConfigurationName = Release;
		};
		2EC661C52B13104A00E3EFE0 /* Build configuration list for PBXNativeTarget "FeudKit" */ = {
			isa = XCConfigurationList;
			buildConfigurations = (
				2EC661C62B13104A00E3EFE0 /* Debug */,
				2EC661C72B13104A00E3EFE0 /* Release */,
			);
			defaultConfigurationIsVisible = 0;
			defaultConfigurationName = Release;
		};
/* End XCConfigurationList section */
	};
	rootObject = 2EC661B52B13104A00E3EFE0 /* Project object */;
}
